
Microsoft Visual Studio Solution File, Format Version 12.00
# Visual Studio Version 16
VisualStudioVersion = 16.0.28809.33
MinimumVisualStudioVersion = 10.0.40219.1
Project("{FAE04EC0-301F-11D3-BF4B-00C04F79EFBC}") = "Fluent.Generator", "Fluent.Generator\Fluent.Generator.csproj", "{D5796607-8EB0-45C8-99A7-1E2C6AC8B504}"
EndProject
Global
	GlobalSection(SolutionConfigurationPlatforms) = preSolution
		Debug|Any CPU = Debug|Any CPU
		Release|Any CPU = Release|Any CPU
	EndGlobalSection
	GlobalSection(ProjectConfigurationPlatforms) = postSolution
		{D5796607-8EB0-45C8-99A7-1E2C6AC8B504}.Debug|Any CPU.ActiveCfg = Debug|Any CPU
		{D5796607-8EB0-45C8-99A7-1E2C6AC8B504}.Debug|Any CPU.Build.0 = Debug|Any CPU
		{D5796607-8EB0-45C8-99A7-1E2C6AC8B504}.Release|Any CPU.ActiveCfg = Release|Any CPU
		{D5796607-8EB0-45C8-99A7-1E2C6AC8B504}.Release|Any CPU.Build.0 = Release|Any CPU
	EndGlobalSection
	GlobalSection(SolutionProperties) = preSolution
		HideSolutionNode = FALSE
	EndGlobalSection
	GlobalSection(ExtensibilityGlobals) = postSolution
		SolutionGuid = {BB6E521A-1884-4162-9E02-4D3207EE2B4E}
	EndGlobalSection
EndGlobal
